
Microsoft Visual Studio Solution File, Format Version 12.00
# Visual Studio Version 17
VisualStudioVersion = 17.7.34031.279
MinimumVisualStudioVersion = 10.0.40219.1
Project("{9A19103F-16F7-4668-BE54-9A1E7A4F7556}") = "ReactRendererPlayground", "ReactRendererPlayground\ReactRendererPlayground.csproj", "{9CDB8765-9D40-4267-89CD-F8CC4C43D7D8}"
EndProject
Project("{9A19103F-16F7-4668-BE54-9A1E7A4F7556}") = "MdcAi.Extensions", "..\Common\MdcAi.Extensions\MdcAi.Extensions.csproj", "{CCE26416-6E7F-46A8-9F3D-2B16659DB03B}"
EndProject
Project("{9A19103F-16F7-4668-BE54-9A1E7A4F7556}") = "Sala.Extensions.WinUI", "..\Common\Sala.Extensions.WinUI\Sala.Extensions.WinUI.csproj", "{59447476-36E2-4D82-9C97-606F1C2FA028}"
EndProject
Project("{9A19103F-16F7-4668-BE54-9A1E7A4F7556}") = "Sala.Extensions.Orm", "..\Common\Sala.Extensions.Orm\Sala.Extensions.Orm.csproj", "{4AA48979-3350-4ADD-B455-2691081F089C}"
EndProject
Project("{9A19103F-16F7-4668-BE54-9A1E7A4F7556}") = "MdcAi.OpenAiApi", "..\Common\MdcAi.OpenAiApi\MdcAi.OpenAiApi.csproj", "{9558A080-D0FD-449F-9130-7FA86B32770D}"
EndProject
Global
	GlobalSection(SolutionConfigurationPlatforms) = preSolution
		Debug|Any CPU = Debug|Any CPU
		Debug|ARM64 = Debug|ARM64
		Debug|x64 = Debug|x64
		Debug|x86 = Debug|x86
		Release|Any CPU = Release|Any CPU
		Release|ARM64 = Release|ARM64
		Release|x64 = Release|x64
		Release|x86 = Release|x86
	EndGlobalSection
	GlobalSection(ProjectConfigurationPlatforms) = postSolution
		{9CDB8765-9D40-4267-89CD-F8CC4C43D7D8}.Debug|Any CPU.ActiveCfg = Debug|x64
		{9CDB8765-9D40-4267-89CD-F8CC4C43D7D8}.Debug|Any CPU.Build.0 = Debug|x64
		{9CDB8765-9D40-4267-89CD-F8CC4C43D7D8}.Debug|Any CPU.Deploy.0 = Debug|x64
		{9CDB8765-9D40-4267-89CD-F8CC4C43D7D8}.Debug|ARM64.ActiveCfg = Debug|ARM64
		{9CDB8765-9D40-4267-89CD-F8CC4C43D7D8}.Debug|ARM64.Build.0 = Debug|ARM64
		{9CDB8765-9D40-4267-89CD-F8CC4C43D7D8}.Debug|ARM64.Deploy.0 = Debug|ARM64
		{9CDB8765-9D40-4267-89CD-F8CC4C43D7D8}.Debug|x64.ActiveCfg = Debug|x64
		{9CDB8765-9D40-4267-89CD-F8CC4C43D7D8}.Debug|x64.Build.0 = Debug|x64
		{9CDB8765-9D40-4267-89CD-F8CC4C43D7D8}.Debug|x64.Deploy.0 = Debug|x64
		{9CDB8765-9D40-4267-89CD-F8CC4C43D7D8}.Debug|x86.ActiveCfg = Debug|x86
		{9CDB8765-9D40-4267-89CD-F8CC4C43D7D8}.Debug|x86.Build.0 = Debug|x86
		{9CDB8765-9D40-4267-89CD-F8CC4C43D7D8}.Debug|x86.Deploy.0 = Debug|x86
		{9CDB8765-9D40-4267-89CD-F8CC4C43D7D8}.Release|Any CPU.ActiveCfg = Release|x64
		{9CDB8765-9D40-4267-89CD-F8CC4C43D7D8}.Release|Any CPU.Build.0 = Release|x64
		{9CDB8765-9D40-4267-89CD-F8CC4C43D7D8}.Release|Any CPU.Deploy.0 = Release|x64
		{9CDB8765-9D40-4267-89CD-F8CC4C43D7D8}.Release|ARM64.ActiveCfg = Release|ARM64
		{9CDB8765-9D40-4267-89CD-F8CC4C43D7D8}.Release|ARM64.Build.0 = Release|ARM64
		{9CDB8765-9D40-4267-89CD-F8CC4C43D7D8}.Release|ARM64.Deploy.0 = Release|ARM64
		{9CDB8765-9D40-4267-89CD-F8CC4C43D7D8}.Release|x64.ActiveCfg = Release|x64
		{9CDB8765-9D40-4267-89CD-F8CC4C43D7D8}.Release|x64.Build.0 = Release|x64
		{9CDB8765-9D40-4267-89CD-F8CC4C43D7D8}.Release|x64.Deploy.0 = Release|x64
		{9CDB8765-9D40-4267-89CD-F8CC4C43D7D8}.Release|x86.ActiveCfg = Release|x86
		{9CDB8765-9D40-4267-89CD-F8CC4C43D7D8}.Release|x86.Build.0 = Release|x86
		{9CDB8765-9D40-4267-89CD-F8CC4C43D7D8}.Release|x86.Deploy.0 = Release|x86
		{CCE26416-6E7F-46A8-9F3D-2B16659DB03B}.Debug|Any CPU.ActiveCfg = Debug|Any CPU
		{CCE26416-6E7F-46A8-9F3D-2B16659DB03B}.Debug|Any CPU.Build.0 = Debug|Any CPU
		{CCE26416-6E7F-46A8-9F3D-2B16659DB03B}.Debug|ARM64.ActiveCfg = Debug|Any CPU
		{CCE26416-6E7F-46A8-9F3D-2B16659DB03B}.Debug|ARM64.Build.0 = Debug|Any CPU
		{CCE26416-6E7F-46A8-9F3D-2B16659DB03B}.Debug|x64.ActiveCfg = Debug|Any CPU
		{CCE26416-6E7F-46A8-9F3D-2B16659DB03B}.Debug|x64.Build.0 = Debug|Any CPU
		{CCE26416-6E7F-46A8-9F3D-2B16659DB03B}.Debug|x86.ActiveCfg = Debug|Any CPU
		{CCE26416-6E7F-46A8-9F3D-2B16659DB03B}.Debug|x86.Build.0 = Debug|Any CPU
		{CCE26416-6E7F-46A8-9F3D-2B16659DB03B}.Release|Any CPU.ActiveCfg = Release|Any CPU
		{CCE26416-6E7F-46A8-9F3D-2B16659DB03B}.Release|Any CPU.Build.0 = Release|Any CPU
		{CCE26416-6E7F-46A8-9F3D-2B16659DB03B}.Release|ARM64.ActiveCfg = Release|Any CPU
		{CCE26416-6E7F-46A8-9F3D-2B16659DB03B}.Release|ARM64.Build.0 = Release|Any CPU
		{CCE26416-6E7F-46A8-9F3D-2B16659DB03B}.Release|x64.ActiveCfg = Release|Any CPU
		{CCE26416-6E7F-46A8-9F3D-2B16659DB03B}.Release|x64.Build.0 = Release|Any CPU
		{CCE26416-6E7F-46A8-9F3D-2B16659DB03B}.Release|x86.ActiveCfg = Release|Any CPU
		{CCE26416-6E7F-46A8-9F3D-2B16659DB03B}.Release|x86.Build.0 = Release|Any CPU
		{59447476-36E2-4D82-9C97-606F1C2FA028}.Debug|Any CPU.ActiveCfg = Debug|Any CPU
		{59447476-36E2-4D82-9C97-606F1C2FA028}.Debug|Any CPU.Build.0 = Debug|Any CPU
		{59447476-36E2-4D82-9C97-606F1C2FA028}.Debug|ARM64.ActiveCfg = Debug|Any CPU
		{59447476-36E2-4D82-9C97-606F1C2FA028}.Debug|ARM64.Build.0 = Debug|Any CPU
		{59447476-36E2-4D82-9C97-606F1C2FA028}.Debug|x64.ActiveCfg = Debug|Any CPU
		{59447476-36E2-4D82-9C97-606F1C2FA028}.Debug|x64.Build.0 = Debug|Any CPU
		{59447476-36E2-4D82-9C97-606F1C2FA028}.Debug|x86.ActiveCfg = Debug|Any CPU
		{59447476-36E2-4D82-9C97-606F1C2FA028}.Debug|x86.Build.0 = Debug|Any CPU
		{59447476-36E2-4D82-9C97-606F1C2FA028}.Release|Any CPU.ActiveCfg = Release|Any CPU
		{59447476-36E2-4D82-9C97-606F1C2FA028}.Release|Any CPU.Build.0 = Release|Any CPU
		{59447476-36E2-4D82-9C97-606F1C2FA028}.Release|ARM64.ActiveCfg = Release|Any CPU
		{59447476-36E2-4D82-9C97-606F1C2FA028}.Release|ARM64.Build.0 = Release|Any CPU
		{59447476-36E2-4D82-9C97-606F1C2FA028}.Release|x64.ActiveCfg = Release|Any CPU
		{59447476-36E2-4D82-9C97-606F1C2FA028}.Release|x64.Build.0 = Release|Any CPU
		{59447476-36E2-4D82-9C97-606F1C2FA028}.Release|x86.ActiveCfg = Release|Any CPU
		{59447476-36E2-4D82-9C97-606F1C2FA028}.Release|x86.Build.0 = Release|Any CPU
		{4AA48979-3350-4ADD-B455-2691081F089C}.Debug|Any CPU.ActiveCfg = Debug|Any CPU
		{4AA48979-3350-4ADD-B455-2691081F089C}.Debug|Any CPU.Build.0 = Debug|Any CPU
		{4AA48979-3350-4ADD-B455-2691081F089C}.Debug|ARM64.ActiveCfg = Debug|Any CPU
		{4AA48979-3350-4ADD-B455-2691081F089C}.Debug|ARM64.Build.0 = Debug|Any CPU
		{4AA48979-3350-4ADD-B455-2691081F089C}.Debug|x64.ActiveCfg = Debug|Any CPU
		{4AA48979-3350-4ADD-B455-2691081F089C}.Debug|x64.Build.0 = Debug|Any CPU
		{4AA48979-3350-4ADD-B455-2691081F089C}.Debug|x86.ActiveCfg = Debug|Any CPU
		{4AA48979-3350-4ADD-B455-2691081F089C}.Debug|x86.Build.0 = Debug|Any CPU
		{4AA48979-3350-4ADD-B455-2691081F089C}.Release|Any CPU.ActiveCfg = Release|Any CPU
		{4AA48979-3350-4ADD-B455-2691081F089C}.Release|Any CPU.Build.0 = Release|Any CPU
		{4AA48979-3350-4ADD-B455-2691081F089C}.Release|ARM64.ActiveCfg = Release|Any CPU
		{4AA48979-3350-4ADD-B455-2691081F089C}.Release|ARM64.Build.0 = Release|Any CPU
		{4AA48979-3350-4ADD-B455-2691081F089C}.Release|x64.ActiveCfg = Release|Any CPU
		{4AA48979-3350-4ADD-B455-2691081F089C}.Release|x64.Build.0 = Release|Any CPU
		{4AA48979-3350-4ADD-B455-2691081F089C}.Release|x86.ActiveCfg = Release|Any CPU
		{4AA48979-3350-4ADD-B455-2691081F089C}.Release|x86.Build.0 = Release|Any CPU
		{9558A080-D0FD-449F-9130-7FA86B32770D}.Debug|Any CPU.ActiveCfg = Debug|Any CPU
		{9558A080-D0FD-449F-9130-7FA86B32770D}.Debug|Any CPU.Build.0 = Debug|Any CPU
		{9558A080-D0FD-449F-9130-7FA86B32770D}.Debug|ARM64.ActiveCfg = Debug|Any CPU
		{9558A080-D0FD-449F-9130-7FA86B32770D}.Debug|ARM64.Build.0 = Debug|Any CPU
		{9558A080-D0FD-449F-9130-7FA86B32770D}.Debug|x64.ActiveCfg = Debug|Any CPU
		{9558A080-D0FD-449F-9130-7FA86B32770D}.Debug|x64.Build.0 = Debug|Any CPU
		{9558A080-D0FD-449F-9130-7FA86B32770D}.Debug|x86.ActiveCfg = Debug|Any CPU
		{9558A080-D0FD-449F-9130-7FA86B32770D}.Debug|x86.Build.0 = Debug|Any CPU
		{9558A080-D0FD-449F-9130-7FA86B32770D}.Release|Any CPU.ActiveCfg = Release|Any CPU
		{9558A080-D0FD-449F-9130-7FA86B32770D}.Release|Any CPU.Build.0 = Release|Any CPU
		{9558A080-D0FD-449F-9130-7FA86B32770D}.Release|ARM64.ActiveCfg = Release|Any CPU
		{9558A080-D0FD-449F-9130-7FA86B32770D}.Release|ARM64.Build.0 = Release|Any CPU
		{9558A080-D0FD-449F-9130-7FA86B32770D}.Release|x64.ActiveCfg = Release|Any CPU
		{9558A080-D0FD-449F-9130-7FA86B32770D}.Release|x64.Build.0 = Release|Any CPU
		{9558A080-D0FD-449F-9130-7FA86B32770D}.Release|x86.ActiveCfg = Release|Any CPU
		{9558A080-D0FD-449F-9130-7FA86B32770D}.Release|x86.Build.0 = Release|Any CPU
	EndGlobalSection
	GlobalSection(SolutionProperties) = preSolution
		HideSolutionNode = FALSE
	EndGlobalSection
	GlobalSection(ExtensibilityGlobals) = postSolution
		SolutionGuid = {5F767D0E-E62C-4D3C-A071-33E9A0A79AD5}
	EndGlobalSection
EndGlobal
