
Microsoft Visual Studio Solution File, Format Version 12.00
# Visual Studio Version 17
VisualStudioVersion = 17.7.34031.279
MinimumVisualStudioVersion = 10.0.40219.1
Project("{9A19103F-16F7-4668-BE54-9A1E7A4F7556}") = "MdcAi", "MdcAi\MdcAi.csproj", "{295212B4-D2FB-4186-B3F1-EBFFBD9EBCA5}"
EndProject
Project("{9A19103F-16F7-4668-BE54-9A1E7A4F7556}") = "MdcAi.Extensions", "..\Common\MdcAi.Extensions\MdcAi.Extensions.csproj", "{470615BF-FB32-4DC3-B9F6-59757F0E6CD3}"
EndProject
Project("{9A19103F-16F7-4668-BE54-9A1E7A4F7556}") = "Sala.Extensions.WinUI", "..\Common\Sala.Extensions.WinUI\Sala.Extensions.WinUI.csproj", "{5F2F112D-0421-4817-8621-0058D0324AB5}"
EndProject
Project("{9A19103F-16F7-4668-BE54-9A1E7A4F7556}") = "MdcAi.OpenAiApi", "..\Common\MdcAi.OpenAiApi\MdcAi.OpenAiApi.csproj", "{217DF4C1-DB65-46ED-BC4E-57885069E76C}"
EndProject
Project("{9A19103F-16F7-4668-BE54-9A1E7A4F7556}") = "MdcAi.ChatUI", "..\Common\MdcAi.ChatUI\MdcAi.ChatUI.csproj", "{C05CE231-2F98-4899-AFB1-48841F8B1844}"
EndProject
Project("{9A19103F-16F7-4668-BE54-9A1E7A4F7556}") = "MdcAi.ChatUI.LocalDal", "..\Common\MdcAi.ChatUI.LocalDal\MdcAi.ChatUI.LocalDal.csproj", "{602B5429-AFC8-40EF-A26B-07351D3E75FE}"
EndProject
Global
	GlobalSection(SolutionConfigurationPlatforms) = preSolution
		Debug|Any CPU = Debug|Any CPU
		Debug|ARM64 = Debug|ARM64
		Debug|x64 = Debug|x64
		Debug|x86 = Debug|x86
		Release|Any CPU = Release|Any CPU
		Release|ARM64 = Release|ARM64
		Release|x64 = Release|x64
		Release|x86 = Release|x86
	EndGlobalSection
	GlobalSection(ProjectConfigurationPlatforms) = postSolution
		{295212B4-D2FB-4186-B3F1-EBFFBD9EBCA5}.Debug|Any CPU.ActiveCfg = Debug|Any CPU
		{295212B4-D2FB-4186-B3F1-EBFFBD9EBCA5}.Debug|Any CPU.Build.0 = Debug|Any CPU
		{295212B4-D2FB-4186-B3F1-EBFFBD9EBCA5}.Debug|Any CPU.Deploy.0 = Debug|Any CPU
		{295212B4-D2FB-4186-B3F1-EBFFBD9EBCA5}.Debug|ARM64.ActiveCfg = Debug|ARM64
		{295212B4-D2FB-4186-B3F1-EBFFBD9EBCA5}.Debug|ARM64.Build.0 = Debug|ARM64
		{295212B4-D2FB-4186-B3F1-EBFFBD9EBCA5}.Debug|ARM64.Deploy.0 = Debug|ARM64
		{295212B4-D2FB-4186-B3F1-EBFFBD9EBCA5}.Debug|x64.ActiveCfg = Debug|x64
		{295212B4-D2FB-4186-B3F1-EBFFBD9EBCA5}.Debug|x64.Build.0 = Debug|x64
		{295212B4-D2FB-4186-B3F1-EBFFBD9EBCA5}.Debug|x64.Deploy.0 = Debug|x64
		{295212B4-D2FB-4186-B3F1-EBFFBD9EBCA5}.Debug|x86.ActiveCfg = Debug|x86
		{295212B4-D2FB-4186-B3F1-EBFFBD9EBCA5}.Debug|x86.Build.0 = Debug|x86
		{295212B4-D2FB-4186-B3F1-EBFFBD9EBCA5}.Debug|x86.Deploy.0 = Debug|x86
		{295212B4-D2FB-4186-B3F1-EBFFBD9EBCA5}.Release|Any CPU.ActiveCfg = Release|Any CPU
		{295212B4-D2FB-4186-B3F1-EBFFBD9EBCA5}.Release|Any CPU.Build.0 = Release|Any CPU
		{295212B4-D2FB-4186-B3F1-EBFFBD9EBCA5}.Release|Any CPU.Deploy.0 = Release|Any CPU
		{295212B4-D2FB-4186-B3F1-EBFFBD9EBCA5}.Release|ARM64.ActiveCfg = Release|ARM64
		{295212B4-D2FB-4186-B3F1-EBFFBD9EBCA5}.Release|ARM64.Build.0 = Release|ARM64
		{295212B4-D2FB-4186-B3F1-EBFFBD9EBCA5}.Release|ARM64.Deploy.0 = Release|ARM64
		{295212B4-D2FB-4186-B3F1-EBFFBD9EBCA5}.Release|x64.ActiveCfg = Release|x64
		{295212B4-D2FB-4186-B3F1-EBFFBD9EBCA5}.Release|x64.Build.0 = Release|x64
		{295212B4-D2FB-4186-B3F1-EBFFBD9EBCA5}.Release|x64.Deploy.0 = Release|x64
		{295212B4-D2FB-4186-B3F1-EBFFBD9EBCA5}.Release|x86.ActiveCfg = Release|x86
		{295212B4-D2FB-4186-B3F1-EBFFBD9EBCA5}.Release|x86.Build.0 = Release|x86
		{295212B4-D2FB-4186-B3F1-EBFFBD9EBCA5}.Release|x86.Deploy.0 = Release|x86
		{470615BF-FB32-4DC3-B9F6-59757F0E6CD3}.Debug|Any CPU.ActiveCfg = Debug|Any CPU
		{470615BF-FB32-4DC3-B9F6-59757F0E6CD3}.Debug|Any CPU.Build.0 = Debug|Any CPU
		{470615BF-FB32-4DC3-B9F6-59757F0E6CD3}.Debug|ARM64.ActiveCfg = Debug|Any CPU
		{470615BF-FB32-4DC3-B9F6-59757F0E6CD3}.Debug|ARM64.Build.0 = Debug|Any CPU
		{470615BF-FB32-4DC3-B9F6-59757F0E6CD3}.Debug|x64.ActiveCfg = Debug|x64
		{470615BF-FB32-4DC3-B9F6-59757F0E6CD3}.Debug|x64.Build.0 = Debug|x64
		{470615BF-FB32-4DC3-B9F6-59757F0E6CD3}.Debug|x86.ActiveCfg = Debug|x86
		{470615BF-FB32-4DC3-B9F6-59757F0E6CD3}.Debug|x86.Build.0 = Debug|x86
		{470615BF-FB32-4DC3-B9F6-59757F0E6CD3}.Release|Any CPU.ActiveCfg = Release|Any CPU
		{470615BF-FB32-4DC3-B9F6-59757F0E6CD3}.Release|Any CPU.Build.0 = Release|Any CPU
		{470615BF-FB32-4DC3-B9F6-59757F0E6CD3}.Release|ARM64.ActiveCfg = Release|Any CPU
		{470615BF-FB32-4DC3-B9F6-59757F0E6CD3}.Release|ARM64.Build.0 = Release|Any CPU
		{470615BF-FB32-4DC3-B9F6-59757F0E6CD3}.Release|x64.ActiveCfg = Release|x64
		{470615BF-FB32-4DC3-B9F6-59757F0E6CD3}.Release|x64.Build.0 = Release|x64
		{470615BF-FB32-4DC3-B9F6-59757F0E6CD3}.Release|x86.ActiveCfg = Release|x86
		{470615BF-FB32-4DC3-B9F6-59757F0E6CD3}.Release|x86.Build.0 = Release|x86
		{5F2F112D-0421-4817-8621-0058D0324AB5}.Debug|Any CPU.ActiveCfg = Debug|Any CPU
		{5F2F112D-0421-4817-8621-0058D0324AB5}.Debug|Any CPU.Build.0 = Debug|Any CPU
		{5F2F112D-0421-4817-8621-0058D0324AB5}.Debug|ARM64.ActiveCfg = Debug|Any CPU
		{5F2F112D-0421-4817-8621-0058D0324AB5}.Debug|ARM64.Build.0 = Debug|Any CPU
		{5F2F112D-0421-4817-8621-0058D0324AB5}.Debug|x64.ActiveCfg = Debug|x64
		{5F2F112D-0421-4817-8621-0058D0324AB5}.Debug|x64.Build.0 = Debug|x64
		{5F2F112D-0421-4817-8621-0058D0324AB5}.Debug|x86.ActiveCfg = Debug|x86
		{5F2F112D-0421-4817-8621-0058D0324AB5}.Debug|x86.Build.0 = Debug|x86
		{5F2F112D-0421-4817-8621-0058D0324AB5}.Release|Any CPU.ActiveCfg = Release|Any CPU
		{5F2F112D-0421-4817-8621-0058D0324AB5}.Release|Any CPU.Build.0 = Release|Any CPU
		{5F2F112D-0421-4817-8621-0058D0324AB5}.Release|ARM64.ActiveCfg = Release|Any CPU
		{5F2F112D-0421-4817-8621-0058D0324AB5}.Release|ARM64.Build.0 = Release|Any CPU
		{5F2F112D-0421-4817-8621-0058D0324AB5}.Release|x64.ActiveCfg = Release|x64
		{5F2F112D-0421-4817-8621-0058D0324AB5}.Release|x64.Build.0 = Release|x64
		{5F2F112D-0421-4817-8621-0058D0324AB5}.Release|x86.ActiveCfg = Release|x86
		{5F2F112D-0421-4817-8621-0058D0324AB5}.Release|x86.Build.0 = Release|x86
		{217DF4C1-DB65-46ED-BC4E-57885069E76C}.Debug|Any CPU.ActiveCfg = Debug|Any CPU
		{217DF4C1-DB65-46ED-BC4E-57885069E76C}.Debug|Any CPU.Build.0 = Debug|Any CPU
		{217DF4C1-DB65-46ED-BC4E-57885069E76C}.Debug|ARM64.ActiveCfg = Debug|Any CPU
		{217DF4C1-DB65-46ED-BC4E-57885069E76C}.Debug|ARM64.Build.0 = Debug|Any CPU
		{217DF4C1-DB65-46ED-BC4E-57885069E76C}.Debug|x64.ActiveCfg = Debug|x64
		{217DF4C1-DB65-46ED-BC4E-57885069E76C}.Debug|x64.Build.0 = Debug|x64
		{217DF4C1-DB65-46ED-BC4E-57885069E76C}.Debug|x86.ActiveCfg = Debug|x86
		{217DF4C1-DB65-46ED-BC4E-57885069E76C}.Debug|x86.Build.0 = Debug|x86
		{217DF4C1-DB65-46ED-BC4E-57885069E76C}.Release|Any CPU.ActiveCfg = Release|Any CPU
		{217DF4C1-DB65-46ED-BC4E-57885069E76C}.Release|Any CPU.Build.0 = Release|Any CPU
		{217DF4C1-DB65-46ED-BC4E-57885069E76C}.Release|ARM64.ActiveCfg = Release|Any CPU
		{217DF4C1-DB65-46ED-BC4E-57885069E76C}.Release|ARM64.Build.0 = Release|Any CPU
		{217DF4C1-DB65-46ED-BC4E-57885069E76C}.Release|x64.ActiveCfg = Release|x64
		{217DF4C1-DB65-46ED-BC4E-57885069E76C}.Release|x64.Build.0 = Release|x64
		{217DF4C1-DB65-46ED-BC4E-57885069E76C}.Release|x86.ActiveCfg = Release|x86
		{217DF4C1-DB65-46ED-BC4E-57885069E76C}.Release|x86.Build.0 = Release|x86
		{C05CE231-2F98-4899-AFB1-48841F8B1844}.Debug|Any CPU.ActiveCfg = Debug|Any CPU
		{C05CE231-2F98-4899-AFB1-48841F8B1844}.Debug|Any CPU.Build.0 = Debug|Any CPU
		{C05CE231-2F98-4899-AFB1-48841F8B1844}.Debug|ARM64.ActiveCfg = Debug|Any CPU
		{C05CE231-2F98-4899-AFB1-48841F8B1844}.Debug|ARM64.Build.0 = Debug|Any CPU
		{C05CE231-2F98-4899-AFB1-48841F8B1844}.Debug|x64.ActiveCfg = Debug|x64
		{C05CE231-2F98-4899-AFB1-48841F8B1844}.Debug|x64.Build.0 = Debug|x64
		{C05CE231-2F98-4899-AFB1-48841F8B1844}.Debug|x86.ActiveCfg = Debug|x86
		{C05CE231-2F98-4899-AFB1-48841F8B1844}.Debug|x86.Build.0 = Debug|x86
		{C05CE231-2F98-4899-AFB1-48841F8B1844}.Release|Any CPU.ActiveCfg = Release|Any CPU
		{C05CE231-2F98-4899-AFB1-48841F8B1844}.Release|Any CPU.Build.0 = Release|Any CPU
		{C05CE231-2F98-4899-AFB1-48841F8B1844}.Release|ARM64.ActiveCfg = Release|Any CPU
		{C05CE231-2F98-4899-AFB1-48841F8B1844}.Release|ARM64.Build.0 = Release|Any CPU
		{C05CE231-2F98-4899-AFB1-48841F8B1844}.Release|x64.ActiveCfg = Release|x64
		{C05CE231-2F98-4899-AFB1-48841F8B1844}.Release|x64.Build.0 = Release|x64
		{C05CE231-2F98-4899-AFB1-48841F8B1844}.Release|x86.ActiveCfg = Release|x86
		{C05CE231-2F98-4899-AFB1-48841F8B1844}.Release|x86.Build.0 = Release|x86
		{602B5429-AFC8-40EF-A26B-07351D3E75FE}.Debug|Any CPU.ActiveCfg = Debug|Any CPU
		{602B5429-AFC8-40EF-A26B-07351D3E75FE}.Debug|Any CPU.Build.0 = Debug|Any CPU
		{602B5429-AFC8-40EF-A26B-07351D3E75FE}.Debug|ARM64.ActiveCfg = Debug|Any CPU
		{602B5429-AFC8-40EF-A26B-07351D3E75FE}.Debug|ARM64.Build.0 = Debug|Any CPU
		{602B5429-AFC8-40EF-A26B-07351D3E75FE}.Debug|x64.ActiveCfg = Debug|x64
		{602B5429-AFC8-40EF-A26B-07351D3E75FE}.Debug|x64.Build.0 = Debug|x64
		{602B5429-AFC8-40EF-A26B-07351D3E75FE}.Debug|x86.ActiveCfg = Debug|x86
		{602B5429-AFC8-40EF-A26B-07351D3E75FE}.Debug|x86.Build.0 = Debug|x86
		{602B5429-AFC8-40EF-A26B-07351D3E75FE}.Release|Any CPU.ActiveCfg = Release|Any CPU
		{602B5429-AFC8-40EF-A26B-07351D3E75FE}.Release|Any CPU.Build.0 = Release|Any CPU
		{602B5429-AFC8-40EF-A26B-07351D3E75FE}.Release|ARM64.ActiveCfg = Release|Any CPU
		{602B5429-AFC8-40EF-A26B-07351D3E75FE}.Release|ARM64.Build.0 = Release|Any CPU
		{602B5429-AFC8-40EF-A26B-07351D3E75FE}.Release|x64.ActiveCfg = Release|x64
		{602B5429-AFC8-40EF-A26B-07351D3E75FE}.Release|x64.Build.0 = Release|x64
		{602B5429-AFC8-40EF-A26B-07351D3E75FE}.Release|x86.ActiveCfg = Release|x86
		{602B5429-AFC8-40EF-A26B-07351D3E75FE}.Release|x86.Build.0 = Release|x86
	EndGlobalSection
	GlobalSection(SolutionProperties) = preSolution
		HideSolutionNode = FALSE
	EndGlobalSection
	GlobalSection(ExtensibilityGlobals) = postSolution
		SolutionGuid = {DD94F1CD-D8C3-4C4C-9D65-B3F13D85EB77}
	EndGlobalSection
EndGlobal
