
Microsoft Visual Studio Solution File, Format Version 12.00
# Visual Studio Version 17
VisualStudioVersion = 17.7.34031.279
MinimumVisualStudioVersion = 10.0.40219.1
Project("{9A19103F-16F7-4668-BE54-9A1E7A4F7556}") = "MdcAi", "MdcAi\MdcAi.csproj", "{295212B4-D2FB-4186-B3F1-EBFFBD9EBCA5}"
EndProject
Project("{9A19103F-16F7-4668-BE54-9A1E7A4F7556}") = "MdcAi.OpenAiApi", "..\Common\MdcAi.OpenAiApi\MdcAi.OpenAiApi.csproj", "{217DF4C1-DB65-46ED-BC4E-57885069E76C}"
EndProject
Project("{9A19103F-16F7-4668-BE54-9A1E7A4F7556}") = "MdcAi.ChatUI", "MdcAi.ChatUI\MdcAi.ChatUI.csproj", "{C05CE231-2F98-4899-AFB1-48841F8B1844}"
EndProject
Project("{9A19103F-16F7-4668-BE54-9A1E7A4F7556}") = "MdcAi.ChatUI.LocalDal", "MdcAi.ChatUI.LocalDal\MdcAi.ChatUI.LocalDal.csproj", "{602B5429-AFC8-40EF-A26B-07351D3E75FE}"
EndProject
Project("{9A19103F-16F7-4668-BE54-9A1E7A4F7556}") = "MdcAi.Extensions.WinUI", "MdcAi.Extensions.WinUI\MdcAi.Extensions.WinUI.csproj", "{3A2325FA-C83D-4B71-9B72-E500B218F206}"
EndProject
Global
	GlobalSection(SolutionConfigurationPlatforms) = preSolution
		Debug|ARM64 = Debug|ARM64
		Debug|x64 = Debug|x64
		Debug|x86 = Debug|x86
		Debug-Unpackaged|ARM64 = Debug-Unpackaged|ARM64
		Debug-Unpackaged|x64 = Debug-Unpackaged|x64
		Debug-Unpackaged|x86 = Debug-Unpackaged|x86
		Release|ARM64 = Release|ARM64
		Release|x64 = Release|x64
		Release|x86 = Release|x86
		Release-Unpackaged|ARM64 = Release-Unpackaged|ARM64
		Release-Unpackaged|x64 = Release-Unpackaged|x64
		Release-Unpackaged|x86 = Release-Unpackaged|x86
	EndGlobalSection
	GlobalSection(ProjectConfigurationPlatforms) = postSolution
		{295212B4-D2FB-4186-B3F1-EBFFBD9EBCA5}.Debug|ARM64.ActiveCfg = Debug|ARM64
		{295212B4-D2FB-4186-B3F1-EBFFBD9EBCA5}.Debug|ARM64.Build.0 = Debug|ARM64
		{295212B4-D2FB-4186-B3F1-EBFFBD9EBCA5}.Debug|ARM64.Deploy.0 = Debug|ARM64
		{295212B4-D2FB-4186-B3F1-EBFFBD9EBCA5}.Debug|x64.ActiveCfg = Debug|x64
		{295212B4-D2FB-4186-B3F1-EBFFBD9EBCA5}.Debug|x64.Build.0 = Debug|x64
		{295212B4-D2FB-4186-B3F1-EBFFBD9EBCA5}.Debug|x64.Deploy.0 = Debug|x64
		{295212B4-D2FB-4186-B3F1-EBFFBD9EBCA5}.Debug|x86.ActiveCfg = Debug|x86
		{295212B4-D2FB-4186-B3F1-EBFFBD9EBCA5}.Debug|x86.Build.0 = Debug|x86
		{295212B4-D2FB-4186-B3F1-EBFFBD9EBCA5}.Debug|x86.Deploy.0 = Debug|x86
		{295212B4-D2FB-4186-B3F1-EBFFBD9EBCA5}.Debug-Unpackaged|ARM64.ActiveCfg = Debug|ARM64
		{295212B4-D2FB-4186-B3F1-EBFFBD9EBCA5}.Debug-Unpackaged|ARM64.Build.0 = Debug|ARM64
		{295212B4-D2FB-4186-B3F1-EBFFBD9EBCA5}.Debug-Unpackaged|ARM64.Deploy.0 = Debug|ARM64
		{295212B4-D2FB-4186-B3F1-EBFFBD9EBCA5}.Debug-Unpackaged|x64.ActiveCfg = Debug-Unpackaged|x64
		{295212B4-D2FB-4186-B3F1-EBFFBD9EBCA5}.Debug-Unpackaged|x64.Build.0 = Debug-Unpackaged|x64
		{295212B4-D2FB-4186-B3F1-EBFFBD9EBCA5}.Debug-Unpackaged|x64.Deploy.0 = Debug-Unpackaged|x64
		{295212B4-D2FB-4186-B3F1-EBFFBD9EBCA5}.Debug-Unpackaged|x86.ActiveCfg = Debug|x86
		{295212B4-D2FB-4186-B3F1-EBFFBD9EBCA5}.Debug-Unpackaged|x86.Build.0 = Debug|x86
		{295212B4-D2FB-4186-B3F1-EBFFBD9EBCA5}.Debug-Unpackaged|x86.Deploy.0 = Debug|x86
		{295212B4-D2FB-4186-B3F1-EBFFBD9EBCA5}.Release|ARM64.ActiveCfg = Release|ARM64
		{295212B4-D2FB-4186-B3F1-EBFFBD9EBCA5}.Release|ARM64.Build.0 = Release|ARM64
		{295212B4-D2FB-4186-B3F1-EBFFBD9EBCA5}.Release|ARM64.Deploy.0 = Release|ARM64
		{295212B4-D2FB-4186-B3F1-EBFFBD9EBCA5}.Release|x64.ActiveCfg = Release|x64
		{295212B4-D2FB-4186-B3F1-EBFFBD9EBCA5}.Release|x64.Build.0 = Release|x64
		{295212B4-D2FB-4186-B3F1-EBFFBD9EBCA5}.Release|x64.Deploy.0 = Release|x64
		{295212B4-D2FB-4186-B3F1-EBFFBD9EBCA5}.Release|x86.ActiveCfg = Release|x86
		{295212B4-D2FB-4186-B3F1-EBFFBD9EBCA5}.Release|x86.Build.0 = Release|x86
		{295212B4-D2FB-4186-B3F1-EBFFBD9EBCA5}.Release|x86.Deploy.0 = Release|x86
		{295212B4-D2FB-4186-B3F1-EBFFBD9EBCA5}.Release-Unpackaged|ARM64.ActiveCfg = Release|ARM64
		{295212B4-D2FB-4186-B3F1-EBFFBD9EBCA5}.Release-Unpackaged|ARM64.Build.0 = Release|ARM64
		{295212B4-D2FB-4186-B3F1-EBFFBD9EBCA5}.Release-Unpackaged|ARM64.Deploy.0 = Release|ARM64
		{295212B4-D2FB-4186-B3F1-EBFFBD9EBCA5}.Release-Unpackaged|x64.ActiveCfg = Release-Unpackaged|x64
		{295212B4-D2FB-4186-B3F1-EBFFBD9EBCA5}.Release-Unpackaged|x64.Build.0 = Release-Unpackaged|x64
		{295212B4-D2FB-4186-B3F1-EBFFBD9EBCA5}.Release-Unpackaged|x64.Deploy.0 = Release-Unpackaged|x64
		{295212B4-D2FB-4186-B3F1-EBFFBD9EBCA5}.Release-Unpackaged|x86.ActiveCfg = Release|x86
		{295212B4-D2FB-4186-B3F1-EBFFBD9EBCA5}.Release-Unpackaged|x86.Build.0 = Release|x86
		{295212B4-D2FB-4186-B3F1-EBFFBD9EBCA5}.Release-Unpackaged|x86.Deploy.0 = Release|x86
		{217DF4C1-DB65-46ED-BC4E-57885069E76C}.Debug|ARM64.ActiveCfg = Debug|ARM64
		{217DF4C1-DB65-46ED-BC4E-57885069E76C}.Debug|ARM64.Build.0 = Debug|ARM64
		{217DF4C1-DB65-46ED-BC4E-57885069E76C}.Debug|x64.ActiveCfg = Debug|x64
		{217DF4C1-DB65-46ED-BC4E-57885069E76C}.Debug|x64.Build.0 = Debug|x64
		{217DF4C1-DB65-46ED-BC4E-57885069E76C}.Debug|x86.ActiveCfg = Debug|x86
		{217DF4C1-DB65-46ED-BC4E-57885069E76C}.Debug|x86.Build.0 = Debug|x86
		{217DF4C1-DB65-46ED-BC4E-57885069E76C}.Debug-Unpackaged|ARM64.ActiveCfg = Debug|ARM64
		{217DF4C1-DB65-46ED-BC4E-57885069E76C}.Debug-Unpackaged|ARM64.Build.0 = Debug|ARM64
		{217DF4C1-DB65-46ED-BC4E-57885069E76C}.Debug-Unpackaged|x64.ActiveCfg = Debug|x64
		{217DF4C1-DB65-46ED-BC4E-57885069E76C}.Debug-Unpackaged|x64.Build.0 = Debug|x64
		{217DF4C1-DB65-46ED-BC4E-57885069E76C}.Debug-Unpackaged|x86.ActiveCfg = Debug|x86
		{217DF4C1-DB65-46ED-BC4E-57885069E76C}.Debug-Unpackaged|x86.Build.0 = Debug|x86
		{217DF4C1-DB65-46ED-BC4E-57885069E76C}.Release|ARM64.ActiveCfg = Release|ARM64
		{217DF4C1-DB65-46ED-BC4E-57885069E76C}.Release|ARM64.Build.0 = Release|ARM64
		{217DF4C1-DB65-46ED-BC4E-57885069E76C}.Release|x64.ActiveCfg = Release|x64
		{217DF4C1-DB65-46ED-BC4E-57885069E76C}.Release|x64.Build.0 = Release|x64
		{217DF4C1-DB65-46ED-BC4E-57885069E76C}.Release|x86.ActiveCfg = Release|x86
		{217DF4C1-DB65-46ED-BC4E-57885069E76C}.Release|x86.Build.0 = Release|x86
		{217DF4C1-DB65-46ED-BC4E-57885069E76C}.Release-Unpackaged|ARM64.ActiveCfg = Release|ARM64
		{217DF4C1-DB65-46ED-BC4E-57885069E76C}.Release-Unpackaged|ARM64.Build.0 = Release|ARM64
		{217DF4C1-DB65-46ED-BC4E-57885069E76C}.Release-Unpackaged|x64.ActiveCfg = Release|x64
		{217DF4C1-DB65-46ED-BC4E-57885069E76C}.Release-Unpackaged|x64.Build.0 = Release|x64
		{217DF4C1-DB65-46ED-BC4E-57885069E76C}.Release-Unpackaged|x86.ActiveCfg = Release|x86
		{217DF4C1-DB65-46ED-BC4E-57885069E76C}.Release-Unpackaged|x86.Build.0 = Release|x86
		{C05CE231-2F98-4899-AFB1-48841F8B1844}.Debug|ARM64.ActiveCfg = Debug|ARM64
		{C05CE231-2F98-4899-AFB1-48841F8B1844}.Debug|ARM64.Build.0 = Debug|ARM64
		{C05CE231-2F98-4899-AFB1-48841F8B1844}.Debug|x64.ActiveCfg = Debug|x64
		{C05CE231-2F98-4899-AFB1-48841F8B1844}.Debug|x64.Build.0 = Debug|x64
		{C05CE231-2F98-4899-AFB1-48841F8B1844}.Debug|x86.ActiveCfg = Debug|x86
		{C05CE231-2F98-4899-AFB1-48841F8B1844}.Debug|x86.Build.0 = Debug|x86
		{C05CE231-2F98-4899-AFB1-48841F8B1844}.Debug-Unpackaged|ARM64.ActiveCfg = Debug|ARM64
		{C05CE231-2F98-4899-AFB1-48841F8B1844}.Debug-Unpackaged|ARM64.Build.0 = Debug|ARM64
		{C05CE231-2F98-4899-AFB1-48841F8B1844}.Debug-Unpackaged|x64.ActiveCfg = Debug|x64
		{C05CE231-2F98-4899-AFB1-48841F8B1844}.Debug-Unpackaged|x64.Build.0 = Debug|x64
		{C05CE231-2F98-4899-AFB1-48841F8B1844}.Debug-Unpackaged|x86.ActiveCfg = Debug|x86
		{C05CE231-2F98-4899-AFB1-48841F8B1844}.Debug-Unpackaged|x86.Build.0 = Debug|x86
		{C05CE231-2F98-4899-AFB1-48841F8B1844}.Release|ARM64.ActiveCfg = Release|ARM64
		{C05CE231-2F98-4899-AFB1-48841F8B1844}.Release|ARM64.Build.0 = Release|ARM64
		{C05CE231-2F98-4899-AFB1-48841F8B1844}.Release|x64.ActiveCfg = Release|x64
		{C05CE231-2F98-4899-AFB1-48841F8B1844}.Release|x64.Build.0 = Release|x64
		{C05CE231-2F98-4899-AFB1-48841F8B1844}.Release|x86.ActiveCfg = Release|x86
		{C05CE231-2F98-4899-AFB1-48841F8B1844}.Release|x86.Build.0 = Release|x86
		{C05CE231-2F98-4899-AFB1-48841F8B1844}.Release-Unpackaged|ARM64.ActiveCfg = Release|ARM64
		{C05CE231-2F98-4899-AFB1-48841F8B1844}.Release-Unpackaged|ARM64.Build.0 = Release|ARM64
		{C05CE231-2F98-4899-AFB1-48841F8B1844}.Release-Unpackaged|x64.ActiveCfg = Release|x64
		{C05CE231-2F98-4899-AFB1-48841F8B1844}.Release-Unpackaged|x64.Build.0 = Release|x64
		{C05CE231-2F98-4899-AFB1-48841F8B1844}.Release-Unpackaged|x86.ActiveCfg = Release|x86
		{C05CE231-2F98-4899-AFB1-48841F8B1844}.Release-Unpackaged|x86.Build.0 = Release|x86
		{602B5429-AFC8-40EF-A26B-07351D3E75FE}.Debug|ARM64.ActiveCfg = Debug|ARM64
		{602B5429-AFC8-40EF-A26B-07351D3E75FE}.Debug|ARM64.Build.0 = Debug|ARM64
		{602B5429-AFC8-40EF-A26B-07351D3E75FE}.Debug|x64.ActiveCfg = Debug|x64
		{602B5429-AFC8-40EF-A26B-07351D3E75FE}.Debug|x64.Build.0 = Debug|x64
		{602B5429-AFC8-40EF-A26B-07351D3E75FE}.Debug|x86.ActiveCfg = Debug|x86
		{602B5429-AFC8-40EF-A26B-07351D3E75FE}.Debug|x86.Build.0 = Debug|x86
		{602B5429-AFC8-40EF-A26B-07351D3E75FE}.Debug-Unpackaged|ARM64.ActiveCfg = Debug|ARM64
		{602B5429-AFC8-40EF-A26B-07351D3E75FE}.Debug-Unpackaged|ARM64.Build.0 = Debug|ARM64
		{602B5429-AFC8-40EF-A26B-07351D3E75FE}.Debug-Unpackaged|x64.ActiveCfg = Debug|x64
		{602B5429-AFC8-40EF-A26B-07351D3E75FE}.Debug-Unpackaged|x64.Build.0 = Debug|x64
		{602B5429-AFC8-40EF-A26B-07351D3E75FE}.Debug-Unpackaged|x86.ActiveCfg = Debug|x86
		{602B5429-AFC8-40EF-A26B-07351D3E75FE}.Debug-Unpackaged|x86.Build.0 = Debug|x86
		{602B5429-AFC8-40EF-A26B-07351D3E75FE}.Release|ARM64.ActiveCfg = Release|ARM64
		{602B5429-AFC8-40EF-A26B-07351D3E75FE}.Release|ARM64.Build.0 = Release|ARM64
		{602B5429-AFC8-40EF-A26B-07351D3E75FE}.Release|x64.ActiveCfg = Release|x64
		{602B5429-AFC8-40EF-A26B-07351D3E75FE}.Release|x64.Build.0 = Release|x64
		{602B5429-AFC8-40EF-A26B-07351D3E75FE}.Release|x86.ActiveCfg = Release|x86
		{602B5429-AFC8-40EF-A26B-07351D3E75FE}.Release|x86.Build.0 = Release|x86
		{602B5429-AFC8-40EF-A26B-07351D3E75FE}.Release-Unpackaged|ARM64.ActiveCfg = Release|ARM64
		{602B5429-AFC8-40EF-A26B-07351D3E75FE}.Release-Unpackaged|ARM64.Build.0 = Release|ARM64
		{602B5429-AFC8-40EF-A26B-07351D3E75FE}.Release-Unpackaged|x64.ActiveCfg = Release|x64
		{602B5429-AFC8-40EF-A26B-07351D3E75FE}.Release-Unpackaged|x64.Build.0 = Release|x64
		{602B5429-AFC8-40EF-A26B-07351D3E75FE}.Release-Unpackaged|x86.ActiveCfg = Release|x86
		{602B5429-AFC8-40EF-A26B-07351D3E75FE}.Release-Unpackaged|x86.Build.0 = Release|x86
		{3A2325FA-C83D-4B71-9B72-E500B218F206}.Debug|ARM64.ActiveCfg = Debug|ARM64
		{3A2325FA-C83D-4B71-9B72-E500B218F206}.Debug|ARM64.Build.0 = Debug|ARM64
		{3A2325FA-C83D-4B71-9B72-E500B218F206}.Debug|x64.ActiveCfg = Debug|x64
		{3A2325FA-C83D-4B71-9B72-E500B218F206}.Debug|x64.Build.0 = Debug|x64
		{3A2325FA-C83D-4B71-9B72-E500B218F206}.Debug|x86.ActiveCfg = Debug|x86
		{3A2325FA-C83D-4B71-9B72-E500B218F206}.Debug|x86.Build.0 = Debug|x86
		{3A2325FA-C83D-4B71-9B72-E500B218F206}.Debug-Unpackaged|ARM64.ActiveCfg = Debug|ARM64
		{3A2325FA-C83D-4B71-9B72-E500B218F206}.Debug-Unpackaged|ARM64.Build.0 = Debug|ARM64
		{3A2325FA-C83D-4B71-9B72-E500B218F206}.Debug-Unpackaged|x64.ActiveCfg = Debug|x64
		{3A2325FA-C83D-4B71-9B72-E500B218F206}.Debug-Unpackaged|x64.Build.0 = Debug|x64
		{3A2325FA-C83D-4B71-9B72-E500B218F206}.Debug-Unpackaged|x86.ActiveCfg = Debug|x86
		{3A2325FA-C83D-4B71-9B72-E500B218F206}.Debug-Unpackaged|x86.Build.0 = Debug|x86
		{3A2325FA-C83D-4B71-9B72-E500B218F206}.Release|ARM64.ActiveCfg = Release|ARM64
		{3A2325FA-C83D-4B71-9B72-E500B218F206}.Release|ARM64.Build.0 = Release|ARM64
		{3A2325FA-C83D-4B71-9B72-E500B218F206}.Release|x64.ActiveCfg = Release|x64
		{3A2325FA-C83D-4B71-9B72-E500B218F206}.Release|x64.Build.0 = Release|x64
		{3A2325FA-C83D-4B71-9B72-E500B218F206}.Release|x86.ActiveCfg = Release|x86
		{3A2325FA-C83D-4B71-9B72-E500B218F206}.Release|x86.Build.0 = Release|x86
		{3A2325FA-C83D-4B71-9B72-E500B218F206}.Release-Unpackaged|ARM64.ActiveCfg = Release|ARM64
		{3A2325FA-C83D-4B71-9B72-E500B218F206}.Release-Unpackaged|ARM64.Build.0 = Release|ARM64
		{3A2325FA-C83D-4B71-9B72-E500B218F206}.Release-Unpackaged|x64.ActiveCfg = Release|x64
		{3A2325FA-C83D-4B71-9B72-E500B218F206}.Release-Unpackaged|x64.Build.0 = Release|x64
		{3A2325FA-C83D-4B71-9B72-E500B218F206}.Release-Unpackaged|x86.ActiveCfg = Release|x86
		{3A2325FA-C83D-4B71-9B72-E500B218F206}.Release-Unpackaged|x86.Build.0 = Release|x86
	EndGlobalSection
	GlobalSection(SolutionProperties) = preSolution
		HideSolutionNode = FALSE
	EndGlobalSection
	GlobalSection(ExtensibilityGlobals) = postSolution
		SolutionGuid = {DD94F1CD-D8C3-4C4C-9D65-B3F13D85EB77}
	EndGlobalSection
EndGlobal
